
Microsoft Visual Studio Solution File, Format Version 12.00
# Visual Studio Version 17
VisualStudioVersion = 17.7.34024.191
MinimumVisualStudioVersion = 10.0.40219.1
Project("{FAE04EC0-301F-11D3-BF4B-00C04F79EFBC}") = "Scanner", "Scanner\Scanner.csproj", "{64E01629-E121-4BC4-A78C-CDE51977C6E6}"
EndProject
Global
	GlobalSection(SolutionConfigurationPlatforms) = preSolution
		Debug|Any CPU = Debug|Any CPU
		Release|Any CPU = Release|Any CPU
	EndGlobalSection
	GlobalSection(ProjectConfigurationPlatforms) = postSolution
		{64E01629-E121-4BC4-A78C-CDE51977C6E6}.Debug|Any CPU.ActiveCfg = Debug|Any CPU
		{64E01629-E121-4BC4-A78C-CDE51977C6E6}.Debug|Any CPU.Build.0 = Debug|Any CPU
		{64E01629-E121-4BC4-A78C-CDE51977C6E6}.Release|Any CPU.ActiveCfg = Release|Any CPU
		{64E01629-E121-4BC4-A78C-CDE51977C6E6}.Release|Any CPU.Build.0 = Release|Any CPU
	EndGlobalSection
	GlobalSection(SolutionProperties) = preSolution
		HideSolutionNode = FALSE
	EndGlobalSection
	GlobalSection(ExtensibilityGlobals) = postSolution
		SolutionGuid = {771F4B5A-7D69-4205-84AB-A2184A5CBA36}
	EndGlobalSection
EndGlobal
